// !$*UTF8*$!
{
	archiveVersion = 1;
	classes = {
	};
	objectVersion = 50;
	objects = {

/* Begin PBXBuildFile section */
		1F591473782EB9DB51747A2E /* libPods-SleepTracker-Swift.a in Frameworks */ = {isa = PBXBuildFile; fileRef = 7CB5973308B7C8FB8E726AFD /* libPods-SleepTracker-Swift.a */; };
		53B29E38F48F14BC2AE6969A /* libPods-SleepTracker-Swift-SleepTracker-SwiftUITests.a in Frameworks */ = {isa = PBXBuildFile; fileRef = 46AA482BF6F103CCEF96B477 /* libPods-SleepTracker-Swift-SleepTracker-SwiftUITests.a */; };
		65061E05239E4D6F005CCAA7 /* AppDelegate.swift in Sources */ = {isa = PBXBuildFile; fileRef = 65061E04239E4D6F005CCAA7 /* AppDelegate.swift */; };
		65061E07239E4D6F005CCAA7 /* SceneDelegate.swift in Sources */ = {isa = PBXBuildFile; fileRef = 65061E06239E4D6F005CCAA7 /* SceneDelegate.swift */; };
		65061E0E239E4D6F005CCAA7 /* Main.storyboard in Resources */ = {isa = PBXBuildFile; fileRef = 65061E0C239E4D6F005CCAA7 /* Main.storyboard */; };
		65061E11239E4D6F005CCAA7 /* SleepTracker_Swift.xcdatamodeld in Sources */ = {isa = PBXBuildFile; fileRef = 65061E0F239E4D6F005CCAA7 /* SleepTracker_Swift.xcdatamodeld */; };
		65061E13239E4D71005CCAA7 /* Assets.xcassets in Resources */ = {isa = PBXBuildFile; fileRef = 65061E12239E4D71005CCAA7 /* Assets.xcassets */; };
		65061E16239E4D71005CCAA7 /* LaunchScreen.storyboard in Resources */ = {isa = PBXBuildFile; fileRef = 65061E14239E4D71005CCAA7 /* LaunchScreen.storyboard */; };
		65061E21239E4D71005CCAA7 /* SleepTracker_SwiftTests.swift in Sources */ = {isa = PBXBuildFile; fileRef = 65061E20239E4D71005CCAA7 /* SleepTracker_SwiftTests.swift */; };
		65061E2C239E4D71005CCAA7 /* SleepTracker_SwiftUITests.swift in Sources */ = {isa = PBXBuildFile; fileRef = 65061E2B239E4D71005CCAA7 /* SleepTracker_SwiftUITests.swift */; };
		65E4424A23B1FA2900B079DC /* RecordMainViewController.swift in Sources */ = {isa = PBXBuildFile; fileRef = 65E4424923B1FA2900B079DC /* RecordMainViewController.swift */; };
		65E4424C23B1FC1B00B079DC /* SleepRecordEditTableViewController.swift in Sources */ = {isa = PBXBuildFile; fileRef = 65E4424B23B1FC1B00B079DC /* SleepRecordEditTableViewController.swift */; };
		65E4424F23B209EF00B079DC /* SleepTypeTableViewCell.swift in Sources */ = {isa = PBXBuildFile; fileRef = 65E4424D23B209EF00B079DC /* SleepTypeTableViewCell.swift */; };
		65E4425023B209EF00B079DC /* SleepTypeTableViewCell.xib in Resources */ = {isa = PBXBuildFile; fileRef = 65E4424E23B209EF00B079DC /* SleepTypeTableViewCell.xib */; };
		65E6B84723ACC3C00060F7D8 /* SleepType.swift in Sources */ = {isa = PBXBuildFile; fileRef = 65E6B84623ACC3C00060F7D8 /* SleepType.swift */; };
		65E6B84A23ACC62C0060F7D8 /* SleepDataManager.swift in Sources */ = {isa = PBXBuildFile; fileRef = 65E6B84923ACC62C0060F7D8 /* SleepDataManager.swift */; };
		65E6B84C23B0B4830060F7D8 /* Record.storyboard in Resources */ = {isa = PBXBuildFile; fileRef = 65E6B84B23B0B4830060F7D8 /* Record.storyboard */; };
		65E6B84E23B0B4900060F7D8 /* History.storyboard in Resources */ = {isa = PBXBuildFile; fileRef = 65E6B84D23B0B4900060F7D8 /* History.storyboard */; };
		65E6B85023B0B4A20060F7D8 /* Analytics.storyboard in Resources */ = {isa = PBXBuildFile; fileRef = 65E6B84F23B0B4A20060F7D8 /* Analytics.storyboard */; };
		65E6B85223B0B4AB0060F7D8 /* Setting.storyboard in Resources */ = {isa = PBXBuildFile; fileRef = 65E6B85123B0B4AB0060F7D8 /* Setting.storyboard */; };
		C23F30B1C531F633397527FF /* libPods-SleepTracker-SwiftTests.a in Frameworks */ = {isa = PBXBuildFile; fileRef = 1E36D2C3C607DCB46240C0CB /* libPods-SleepTracker-SwiftTests.a */; };
/* End PBXBuildFile section */

/* Begin PBXContainerItemProxy section */
		65061E1D239E4D71005CCAA7 /* PBXContainerItemProxy */ = {
			isa = PBXContainerItemProxy;
			containerPortal = 65061DF9239E4D6F005CCAA7 /* Project object */;
			proxyType = 1;
			remoteGlobalIDString = 65061E00239E4D6F005CCAA7;
			remoteInfo = "SleepTracker-Swift";
		};
		65061E28239E4D71005CCAA7 /* PBXContainerItemProxy */ = {
			isa = PBXContainerItemProxy;
			containerPortal = 65061DF9239E4D6F005CCAA7 /* Project object */;
			proxyType = 1;
			remoteGlobalIDString = 65061E00239E4D6F005CCAA7;
			remoteInfo = "SleepTracker-Swift";
		};
/* End PBXContainerItemProxy section */

/* Begin PBXFileReference section */
		01C021F2785CD0A05094E3BE /* Pods-SleepTracker-Swift.debug.xcconfig */ = {isa = PBXFileReference; includeInIndex = 1; lastKnownFileType = text.xcconfig; name = "Pods-SleepTracker-Swift.debug.xcconfig"; path = "Target Support Files/Pods-SleepTracker-Swift/Pods-SleepTracker-Swift.debug.xcconfig"; sourceTree = "<group>"; };
		196694CDE55A60FDE309AEFB /* Pods-SleepTracker-Swift-SleepTracker-SwiftUITests.release.xcconfig */ = {isa = PBXFileReference; includeInIndex = 1; lastKnownFileType = text.xcconfig; name = "Pods-SleepTracker-Swift-SleepTracker-SwiftUITests.release.xcconfig"; path = "Target Support Files/Pods-SleepTracker-Swift-SleepTracker-SwiftUITests/Pods-SleepTracker-Swift-SleepTracker-SwiftUITests.release.xcconfig"; sourceTree = "<group>"; };
		1E36D2C3C607DCB46240C0CB /* libPods-SleepTracker-SwiftTests.a */ = {isa = PBXFileReference; explicitFileType = archive.ar; includeInIndex = 0; path = "libPods-SleepTracker-SwiftTests.a"; sourceTree = BUILT_PRODUCTS_DIR; };
		3C8DEDAF6AFB4A10E71DDCE8 /* Pods-SleepTracker-Swift.release.xcconfig */ = {isa = PBXFileReference; includeInIndex = 1; lastKnownFileType = text.xcconfig; name = "Pods-SleepTracker-Swift.release.xcconfig"; path = "Target Support Files/Pods-SleepTracker-Swift/Pods-SleepTracker-Swift.release.xcconfig"; sourceTree = "<group>"; };
		46AA482BF6F103CCEF96B477 /* libPods-SleepTracker-Swift-SleepTracker-SwiftUITests.a */ = {isa = PBXFileReference; explicitFileType = archive.ar; includeInIndex = 0; path = "libPods-SleepTracker-Swift-SleepTracker-SwiftUITests.a"; sourceTree = BUILT_PRODUCTS_DIR; };
		65061E01239E4D6F005CCAA7 /* SleepTracker-Swift.app */ = {isa = PBXFileReference; explicitFileType = wrapper.application; includeInIndex = 0; path = "SleepTracker-Swift.app"; sourceTree = BUILT_PRODUCTS_DIR; };
		65061E04239E4D6F005CCAA7 /* AppDelegate.swift */ = {isa = PBXFileReference; lastKnownFileType = sourcecode.swift; path = AppDelegate.swift; sourceTree = "<group>"; };
		65061E06239E4D6F005CCAA7 /* SceneDelegate.swift */ = {isa = PBXFileReference; lastKnownFileType = sourcecode.swift; path = SceneDelegate.swift; sourceTree = "<group>"; };
		65061E0D239E4D6F005CCAA7 /* Base */ = {isa = PBXFileReference; lastKnownFileType = file.storyboard; name = Base; path = Base.lproj/Main.storyboard; sourceTree = "<group>"; };
		65061E10239E4D6F005CCAA7 /* SleepTracker_Swift.xcdatamodel */ = {isa = PBXFileReference; lastKnownFileType = wrapper.xcdatamodel; path = SleepTracker_Swift.xcdatamodel; sourceTree = "<group>"; };
		65061E12239E4D71005CCAA7 /* Assets.xcassets */ = {isa = PBXFileReference; lastKnownFileType = folder.assetcatalog; path = Assets.xcassets; sourceTree = "<group>"; };
		65061E15239E4D71005CCAA7 /* Base */ = {isa = PBXFileReference; lastKnownFileType = file.storyboard; name = Base; path = Base.lproj/LaunchScreen.storyboard; sourceTree = "<group>"; };
		65061E17239E4D71005CCAA7 /* Info.plist */ = {isa = PBXFileReference; lastKnownFileType = text.plist.xml; path = Info.plist; sourceTree = "<group>"; };
		65061E1C239E4D71005CCAA7 /* SleepTracker-SwiftTests.xctest */ = {isa = PBXFileReference; explicitFileType = wrapper.cfbundle; includeInIndex = 0; path = "SleepTracker-SwiftTests.xctest"; sourceTree = BUILT_PRODUCTS_DIR; };
		65061E20239E4D71005CCAA7 /* SleepTracker_SwiftTests.swift */ = {isa = PBXFileReference; lastKnownFileType = sourcecode.swift; path = SleepTracker_SwiftTests.swift; sourceTree = "<group>"; };
		65061E22239E4D71005CCAA7 /* Info.plist */ = {isa = PBXFileReference; lastKnownFileType = text.plist.xml; path = Info.plist; sourceTree = "<group>"; };
		65061E27239E4D71005CCAA7 /* SleepTracker-SwiftUITests.xctest */ = {isa = PBXFileReference; explicitFileType = wrapper.cfbundle; includeInIndex = 0; path = "SleepTracker-SwiftUITests.xctest"; sourceTree = BUILT_PRODUCTS_DIR; };
		65061E2B239E4D71005CCAA7 /* SleepTracker_SwiftUITests.swift */ = {isa = PBXFileReference; lastKnownFileType = sourcecode.swift; path = SleepTracker_SwiftUITests.swift; sourceTree = "<group>"; };
		65061E2D239E4D71005CCAA7 /* Info.plist */ = {isa = PBXFileReference; lastKnownFileType = text.plist.xml; path = Info.plist; sourceTree = "<group>"; };
		6596C11F0CCAE3939B8555CF /* Pods-SleepTracker-Swift-SleepTracker-SwiftUITests.debug.xcconfig */ = {isa = PBXFileReference; includeInIndex = 1; lastKnownFileType = text.xcconfig; name = "Pods-SleepTracker-Swift-SleepTracker-SwiftUITests.debug.xcconfig"; path = "Target Support Files/Pods-SleepTracker-Swift-SleepTracker-SwiftUITests/Pods-SleepTracker-Swift-SleepTracker-SwiftUITests.debug.xcconfig"; sourceTree = "<group>"; };
		65E4424923B1FA2900B079DC /* RecordMainViewController.swift */ = {isa = PBXFileReference; lastKnownFileType = sourcecode.swift; path = RecordMainViewController.swift; sourceTree = "<group>"; };
		65E4424B23B1FC1B00B079DC /* SleepRecordEditTableViewController.swift */ = {isa = PBXFileReference; lastKnownFileType = sourcecode.swift; path = SleepRecordEditTableViewController.swift; sourceTree = "<group>"; };
		65E4424D23B209EF00B079DC /* SleepTypeTableViewCell.swift */ = {isa = PBXFileReference; lastKnownFileType = sourcecode.swift; path = SleepTypeTableViewCell.swift; sourceTree = "<group>"; };
		65E4424E23B209EF00B079DC /* SleepTypeTableViewCell.xib */ = {isa = PBXFileReference; lastKnownFileType = file.xib; path = SleepTypeTableViewCell.xib; sourceTree = "<group>"; };
		65E6B84623ACC3C00060F7D8 /* SleepType.swift */ = {isa = PBXFileReference; lastKnownFileType = sourcecode.swift; path = SleepType.swift; sourceTree = "<group>"; };
		65E6B84923ACC62C0060F7D8 /* SleepDataManager.swift */ = {isa = PBXFileReference; lastKnownFileType = sourcecode.swift; path = SleepDataManager.swift; sourceTree = "<group>"; };
		65E6B84B23B0B4830060F7D8 /* Record.storyboard */ = {isa = PBXFileReference; lastKnownFileType = file.storyboard; path = Record.storyboard; sourceTree = "<group>"; };
		65E6B84D23B0B4900060F7D8 /* History.storyboard */ = {isa = PBXFileReference; lastKnownFileType = file.storyboard; path = History.storyboard; sourceTree = "<group>"; };
		65E6B84F23B0B4A20060F7D8 /* Analytics.storyboard */ = {isa = PBXFileReference; lastKnownFileType = file.storyboard; path = Analytics.storyboard; sourceTree = "<group>"; };
		65E6B85123B0B4AB0060F7D8 /* Setting.storyboard */ = {isa = PBXFileReference; lastKnownFileType = file.storyboard; path = Setting.storyboard; sourceTree = "<group>"; };
		78057B6773155D02E17C6A6C /* Pods-SleepTracker-SwiftTests.release.xcconfig */ = {isa = PBXFileReference; includeInIndex = 1; lastKnownFileType = text.xcconfig; name = "Pods-SleepTracker-SwiftTests.release.xcconfig"; path = "Target Support Files/Pods-SleepTracker-SwiftTests/Pods-SleepTracker-SwiftTests.release.xcconfig"; sourceTree = "<group>"; };
		7CB5973308B7C8FB8E726AFD /* libPods-SleepTracker-Swift.a */ = {isa = PBXFileReference; explicitFileType = archive.ar; includeInIndex = 0; path = "libPods-SleepTracker-Swift.a"; sourceTree = BUILT_PRODUCTS_DIR; };
		F833DFB2A612D28BCF0A6EB7 /* Pods-SleepTracker-SwiftTests.debug.xcconfig */ = {isa = PBXFileReference; includeInIndex = 1; lastKnownFileType = text.xcconfig; name = "Pods-SleepTracker-SwiftTests.debug.xcconfig"; path = "Target Support Files/Pods-SleepTracker-SwiftTests/Pods-SleepTracker-SwiftTests.debug.xcconfig"; sourceTree = "<group>"; };
/* End PBXFileReference section */

/* Begin PBXFrameworksBuildPhase section */
		65061DFE239E4D6F005CCAA7 /* Frameworks */ = {
			isa = PBXFrameworksBuildPhase;
			buildActionMask = 2147483647;
			files = (
				1F591473782EB9DB51747A2E /* libPods-SleepTracker-Swift.a in Frameworks */,
			);
			runOnlyForDeploymentPostprocessing = 0;
		};
		65061E19239E4D71005CCAA7 /* Frameworks */ = {
			isa = PBXFrameworksBuildPhase;
			buildActionMask = 2147483647;
			files = (
				C23F30B1C531F633397527FF /* libPods-SleepTracker-SwiftTests.a in Frameworks */,
			);
			runOnlyForDeploymentPostprocessing = 0;
		};
		65061E24239E4D71005CCAA7 /* Frameworks */ = {
			isa = PBXFrameworksBuildPhase;
			buildActionMask = 2147483647;
			files = (
				53B29E38F48F14BC2AE6969A /* libPods-SleepTracker-Swift-SleepTracker-SwiftUITests.a in Frameworks */,
			);
			runOnlyForDeploymentPostprocessing = 0;
		};
/* End PBXFrameworksBuildPhase section */

/* Begin PBXGroup section */
		3C30DF51BE69A4988D52B3E3 /* Pods */ = {
			isa = PBXGroup;
			children = (
				01C021F2785CD0A05094E3BE /* Pods-SleepTracker-Swift.debug.xcconfig */,
				3C8DEDAF6AFB4A10E71DDCE8 /* Pods-SleepTracker-Swift.release.xcconfig */,
				6596C11F0CCAE3939B8555CF /* Pods-SleepTracker-Swift-SleepTracker-SwiftUITests.debug.xcconfig */,
				196694CDE55A60FDE309AEFB /* Pods-SleepTracker-Swift-SleepTracker-SwiftUITests.release.xcconfig */,
				F833DFB2A612D28BCF0A6EB7 /* Pods-SleepTracker-SwiftTests.debug.xcconfig */,
				78057B6773155D02E17C6A6C /* Pods-SleepTracker-SwiftTests.release.xcconfig */,
			);
			path = Pods;
			sourceTree = "<group>";
		};
		45D7510E105AE7B7AE2DCB7D /* Frameworks */ = {
			isa = PBXGroup;
			children = (
				7CB5973308B7C8FB8E726AFD /* libPods-SleepTracker-Swift.a */,
				46AA482BF6F103CCEF96B477 /* libPods-SleepTracker-Swift-SleepTracker-SwiftUITests.a */,
				1E36D2C3C607DCB46240C0CB /* libPods-SleepTracker-SwiftTests.a */,
			);
			name = Frameworks;
			sourceTree = "<group>";
		};
		65061DF8239E4D6F005CCAA7 = {
			isa = PBXGroup;
			children = (
				65061E03239E4D6F005CCAA7 /* SleepTracker-Swift */,
				65061E1F239E4D71005CCAA7 /* SleepTracker-SwiftTests */,
				65061E2A239E4D71005CCAA7 /* SleepTracker-SwiftUITests */,
				65061E02239E4D6F005CCAA7 /* Products */,
				3C30DF51BE69A4988D52B3E3 /* Pods */,
				45D7510E105AE7B7AE2DCB7D /* Frameworks */,
			);
			sourceTree = "<group>";
		};
		65061E02239E4D6F005CCAA7 /* Products */ = {
			isa = PBXGroup;
			children = (
				65061E01239E4D6F005CCAA7 /* SleepTracker-Swift.app */,
				65061E1C239E4D71005CCAA7 /* SleepTracker-SwiftTests.xctest */,
				65061E27239E4D71005CCAA7 /* SleepTracker-SwiftUITests.xctest */,
			);
			name = Products;
			sourceTree = "<group>";
		};
		65061E03239E4D6F005CCAA7 /* SleepTracker-Swift */ = {
			isa = PBXGroup;
			children = (
				65061E04239E4D6F005CCAA7 /* AppDelegate.swift */,
				65061E06239E4D6F005CCAA7 /* SceneDelegate.swift */,
				65061E0C239E4D6F005CCAA7 /* Main.storyboard */,
				65E6B85523B0BED90060F7D8 /* Record */,
				65E6B84D23B0B4900060F7D8 /* History.storyboard */,
				65E6B84F23B0B4A20060F7D8 /* Analytics.storyboard */,
				65E6B85123B0B4AB0060F7D8 /* Setting.storyboard */,
				65061E12239E4D71005CCAA7 /* Assets.xcassets */,
				65061E14239E4D71005CCAA7 /* LaunchScreen.storyboard */,
				65061E17239E4D71005CCAA7 /* Info.plist */,
				65E6B84823ACC4AD0060F7D8 /* CoreData */,
			);
			path = "SleepTracker-Swift";
			sourceTree = "<group>";
		};
		65061E1F239E4D71005CCAA7 /* SleepTracker-SwiftTests */ = {
			isa = PBXGroup;
			children = (
				65061E20239E4D71005CCAA7 /* SleepTracker_SwiftTests.swift */,
				65061E22239E4D71005CCAA7 /* Info.plist */,
			);
			path = "SleepTracker-SwiftTests";
			sourceTree = "<group>";
		};
		65061E2A239E4D71005CCAA7 /* SleepTracker-SwiftUITests */ = {
			isa = PBXGroup;
			children = (
				65061E2B239E4D71005CCAA7 /* SleepTracker_SwiftUITests.swift */,
				65061E2D239E4D71005CCAA7 /* Info.plist */,
			);
			path = "SleepTracker-SwiftUITests";
			sourceTree = "<group>";
		};
		65E6B84823ACC4AD0060F7D8 /* CoreData */ = {
			isa = PBXGroup;
			children = (
				65061E0F239E4D6F005CCAA7 /* SleepTracker_Swift.xcdatamodeld */,
				65E6B84923ACC62C0060F7D8 /* SleepDataManager.swift */,
				65E6B84623ACC3C00060F7D8 /* SleepType.swift */,
			);
			name = CoreData;
			sourceTree = "<group>";
		};
		65E6B85523B0BED90060F7D8 /* Record */ = {
			isa = PBXGroup;
			children = (
				65E6B84B23B0B4830060F7D8 /* Record.storyboard */,
				65E4424923B1FA2900B079DC /* RecordMainViewController.swift */,
				65E4424B23B1FC1B00B079DC /* SleepRecordEditTableViewController.swift */,
				65E4424D23B209EF00B079DC /* SleepTypeTableViewCell.swift */,
				65E4424E23B209EF00B079DC /* SleepTypeTableViewCell.xib */,
			);
			name = Record;
			sourceTree = "<group>";
		};
/* End PBXGroup section */

/* Begin PBXNativeTarget section */
		65061E00239E4D6F005CCAA7 /* SleepTracker-Swift */ = {
			isa = PBXNativeTarget;
			buildConfigurationList = 65061E30239E4D71005CCAA7 /* Build configuration list for PBXNativeTarget "SleepTracker-Swift" */;
			buildPhases = (
				A9419F3F6A187A29A24B3EDA /* [CP] Check Pods Manifest.lock */,
				65061DFD239E4D6F005CCAA7 /* Sources */,
				65061DFE239E4D6F005CCAA7 /* Frameworks */,
				65061DFF239E4D6F005CCAA7 /* Resources */,
			);
			buildRules = (
			);
			dependencies = (
			);
			name = "SleepTracker-Swift";
			productName = "SleepTracker-Swift";
			productReference = 65061E01239E4D6F005CCAA7 /* SleepTracker-Swift.app */;
			productType = "com.apple.product-type.application";
		};
		65061E1B239E4D71005CCAA7 /* SleepTracker-SwiftTests */ = {
			isa = PBXNativeTarget;
			buildConfigurationList = 65061E33239E4D71005CCAA7 /* Build configuration list for PBXNativeTarget "SleepTracker-SwiftTests" */;
			buildPhases = (
				8C71A7775E2882AE94E52BCE /* [CP] Check Pods Manifest.lock */,
				65061E18239E4D71005CCAA7 /* Sources */,
				65061E19239E4D71005CCAA7 /* Frameworks */,
				65061E1A239E4D71005CCAA7 /* Resources */,
			);
			buildRules = (
			);
			dependencies = (
				65061E1E239E4D71005CCAA7 /* PBXTargetDependency */,
			);
			name = "SleepTracker-SwiftTests";
			productName = "SleepTracker-SwiftTests";
			productReference = 65061E1C239E4D71005CCAA7 /* SleepTracker-SwiftTests.xctest */;
			productType = "com.apple.product-type.bundle.unit-test";
		};
		65061E26239E4D71005CCAA7 /* SleepTracker-SwiftUITests */ = {
			isa = PBXNativeTarget;
			buildConfigurationList = 65061E36239E4D71005CCAA7 /* Build configuration list for PBXNativeTarget "SleepTracker-SwiftUITests" */;
			buildPhases = (
				06FC50799BFCDBE19FD403DD /* [CP] Check Pods Manifest.lock */,
				65061E23239E4D71005CCAA7 /* Sources */,
				65061E24239E4D71005CCAA7 /* Frameworks */,
				65061E25239E4D71005CCAA7 /* Resources */,
			);
			buildRules = (
			);
			dependencies = (
				65061E29239E4D71005CCAA7 /* PBXTargetDependency */,
			);
			name = "SleepTracker-SwiftUITests";
			productName = "SleepTracker-SwiftUITests";
			productReference = 65061E27239E4D71005CCAA7 /* SleepTracker-SwiftUITests.xctest */;
			productType = "com.apple.product-type.bundle.ui-testing";
		};
/* End PBXNativeTarget section */

/* Begin PBXProject section */
		65061DF9239E4D6F005CCAA7 /* Project object */ = {
			isa = PBXProject;
			attributes = {
				LastSwiftUpdateCheck = 1120;
				LastUpgradeCheck = 1120;
				ORGANIZATIONNAME = "蘇健豪";
				TargetAttributes = {
					65061E00239E4D6F005CCAA7 = {
						CreatedOnToolsVersion = 11.2.1;
					};
					65061E1B239E4D71005CCAA7 = {
						CreatedOnToolsVersion = 11.2.1;
						TestTargetID = 65061E00239E4D6F005CCAA7;
					};
					65061E26239E4D71005CCAA7 = {
						CreatedOnToolsVersion = 11.2.1;
						TestTargetID = 65061E00239E4D6F005CCAA7;
					};
				};
			};
			buildConfigurationList = 65061DFC239E4D6F005CCAA7 /* Build configuration list for PBXProject "SleepTracker-Swift" */;
			compatibilityVersion = "Xcode 9.3";
			developmentRegion = en;
			hasScannedForEncodings = 0;
			knownRegions = (
				en,
				Base,
			);
			mainGroup = 65061DF8239E4D6F005CCAA7;
			productRefGroup = 65061E02239E4D6F005CCAA7 /* Products */;
			projectDirPath = "";
			projectRoot = "";
			targets = (
				65061E00239E4D6F005CCAA7 /* SleepTracker-Swift */,
				65061E1B239E4D71005CCAA7 /* SleepTracker-SwiftTests */,
				65061E26239E4D71005CCAA7 /* SleepTracker-SwiftUITests */,
			);
		};
/* End PBXProject section */

/* Begin PBXResourcesBuildPhase section */
		65061DFF239E4D6F005CCAA7 /* Resources */ = {
			isa = PBXResourcesBuildPhase;
			buildActionMask = 2147483647;
			files = (
				65061E16239E4D71005CCAA7 /* LaunchScreen.storyboard in Resources */,
				65E4425023B209EF00B079DC /* SleepTypeTableViewCell.xib in Resources */,
				65E6B85023B0B4A20060F7D8 /* Analytics.storyboard in Resources */,
				65E6B85223B0B4AB0060F7D8 /* Setting.storyboard in Resources */,
				65061E13239E4D71005CCAA7 /* Assets.xcassets in Resources */,
				65061E0E239E4D6F005CCAA7 /* Main.storyboard in Resources */,
				65E6B84E23B0B4900060F7D8 /* History.storyboard in Resources */,
				65E6B84C23B0B4830060F7D8 /* Record.storyboard in Resources */,
			);
			runOnlyForDeploymentPostprocessing = 0;
		};
		65061E1A239E4D71005CCAA7 /* Resources */ = {
			isa = PBXResourcesBuildPhase;
			buildActionMask = 2147483647;
			files = (
			);
			runOnlyForDeploymentPostprocessing = 0;
		};
		65061E25239E4D71005CCAA7 /* Resources */ = {
			isa = PBXResourcesBuildPhase;
			buildActionMask = 2147483647;
			files = (
			);
			runOnlyForDeploymentPostprocessing = 0;
		};
/* End PBXResourcesBuildPhase section */

/* Begin PBXShellScriptBuildPhase section */
		06FC50799BFCDBE19FD403DD /* [CP] Check Pods Manifest.lock */ = {
			isa = PBXShellScriptBuildPhase;
			buildActionMask = 2147483647;
			files = (
			);
			inputFileListPaths = (
			);
			inputPaths = (
				"${PODS_PODFILE_DIR_PATH}/Podfile.lock",
				"${PODS_ROOT}/Manifest.lock",
			);
			name = "[CP] Check Pods Manifest.lock";
			outputFileListPaths = (
			);
			outputPaths = (
				"$(DERIVED_FILE_DIR)/Pods-SleepTracker-Swift-SleepTracker-SwiftUITests-checkManifestLockResult.txt",
			);
			runOnlyForDeploymentPostprocessing = 0;
			shellPath = /bin/sh;
			shellScript = "diff \"${PODS_PODFILE_DIR_PATH}/Podfile.lock\" \"${PODS_ROOT}/Manifest.lock\" > /dev/null\nif [ $? != 0 ] ; then\n    # print error to STDERR\n    echo \"error: The sandbox is not in sync with the Podfile.lock. Run 'pod install' or update your CocoaPods installation.\" >&2\n    exit 1\nfi\n# This output is used by Xcode 'outputs' to avoid re-running this script phase.\necho \"SUCCESS\" > \"${SCRIPT_OUTPUT_FILE_0}\"\n";
			showEnvVarsInLog = 0;
		};
		8C71A7775E2882AE94E52BCE /* [CP] Check Pods Manifest.lock */ = {
			isa = PBXShellScriptBuildPhase;
			buildActionMask = 2147483647;
			files = (
			);
			inputFileListPaths = (
			);
			inputPaths = (
				"${PODS_PODFILE_DIR_PATH}/Podfile.lock",
				"${PODS_ROOT}/Manifest.lock",
			);
			name = "[CP] Check Pods Manifest.lock";
			outputFileListPaths = (
			);
			outputPaths = (
				"$(DERIVED_FILE_DIR)/Pods-SleepTracker-SwiftTests-checkManifestLockResult.txt",
			);
			runOnlyForDeploymentPostprocessing = 0;
			shellPath = /bin/sh;
			shellScript = "diff \"${PODS_PODFILE_DIR_PATH}/Podfile.lock\" \"${PODS_ROOT}/Manifest.lock\" > /dev/null\nif [ $? != 0 ] ; then\n    # print error to STDERR\n    echo \"error: The sandbox is not in sync with the Podfile.lock. Run 'pod install' or update your CocoaPods installation.\" >&2\n    exit 1\nfi\n# This output is used by Xcode 'outputs' to avoid re-running this script phase.\necho \"SUCCESS\" > \"${SCRIPT_OUTPUT_FILE_0}\"\n";
			showEnvVarsInLog = 0;
		};
		A9419F3F6A187A29A24B3EDA /* [CP] Check Pods Manifest.lock */ = {
			isa = PBXShellScriptBuildPhase;
			buildActionMask = 2147483647;
			files = (
			);
			inputFileListPaths = (
			);
			inputPaths = (
				"${PODS_PODFILE_DIR_PATH}/Podfile.lock",
				"${PODS_ROOT}/Manifest.lock",
			);
			name = "[CP] Check Pods Manifest.lock";
			outputFileListPaths = (
			);
			outputPaths = (
				"$(DERIVED_FILE_DIR)/Pods-SleepTracker-Swift-checkManifestLockResult.txt",
			);
			runOnlyForDeploymentPostprocessing = 0;
			shellPath = /bin/sh;
			shellScript = "diff \"${PODS_PODFILE_DIR_PATH}/Podfile.lock\" \"${PODS_ROOT}/Manifest.lock\" > /dev/null\nif [ $? != 0 ] ; then\n    # print error to STDERR\n    echo \"error: The sandbox is not in sync with the Podfile.lock. Run 'pod install' or update your CocoaPods installation.\" >&2\n    exit 1\nfi\n# This output is used by Xcode 'outputs' to avoid re-running this script phase.\necho \"SUCCESS\" > \"${SCRIPT_OUTPUT_FILE_0}\"\n";
			showEnvVarsInLog = 0;
		};
/* End PBXShellScriptBuildPhase section */

/* Begin PBXSourcesBuildPhase section */
		65061DFD239E4D6F005CCAA7 /* Sources */ = {
			isa = PBXSourcesBuildPhase;
			buildActionMask = 2147483647;
			files = (
				65E4424C23B1FC1B00B079DC /* SleepRecordEditTableViewController.swift in Sources */,
				65E6B84A23ACC62C0060F7D8 /* SleepDataManager.swift in Sources */,
				65061E11239E4D6F005CCAA7 /* SleepTracker_Swift.xcdatamodeld in Sources */,
				65061E05239E4D6F005CCAA7 /* AppDelegate.swift in Sources */,
				65061E07239E4D6F005CCAA7 /* SceneDelegate.swift in Sources */,
				65E4424F23B209EF00B079DC /* SleepTypeTableViewCell.swift in Sources */,
				65E4424A23B1FA2900B079DC /* RecordMainViewController.swift in Sources */,
				65E6B84723ACC3C00060F7D8 /* SleepType.swift in Sources */,
			);
			runOnlyForDeploymentPostprocessing = 0;
		};
		65061E18239E4D71005CCAA7 /* Sources */ = {
			isa = PBXSourcesBuildPhase;
			buildActionMask = 2147483647;
			files = (
				65061E21239E4D71005CCAA7 /* SleepTracker_SwiftTests.swift in Sources */,
			);
			runOnlyForDeploymentPostprocessing = 0;
		};
		65061E23239E4D71005CCAA7 /* Sources */ = {
			isa = PBXSourcesBuildPhase;
			buildActionMask = 2147483647;
			files = (
				65061E2C239E4D71005CCAA7 /* SleepTracker_SwiftUITests.swift in Sources */,
			);
			runOnlyForDeploymentPostprocessing = 0;
		};
/* End PBXSourcesBuildPhase section */

/* Begin PBXTargetDependency section */
		65061E1E239E4D71005CCAA7 /* PBXTargetDependency */ = {
			isa = PBXTargetDependency;
			target = 65061E00239E4D6F005CCAA7 /* SleepTracker-Swift */;
			targetProxy = 65061E1D239E4D71005CCAA7 /* PBXContainerItemProxy */;
		};
		65061E29239E4D71005CCAA7 /* PBXTargetDependency */ = {
			isa = PBXTargetDependency;
			target = 65061E00239E4D6F005CCAA7 /* SleepTracker-Swift */;
			targetProxy = 65061E28239E4D71005CCAA7 /* PBXContainerItemProxy */;
		};
/* End PBXTargetDependency section */

/* Begin PBXVariantGroup section */
		65061E0C239E4D6F005CCAA7 /* Main.storyboard */ = {
			isa = PBXVariantGroup;
			children = (
				65061E0D239E4D6F005CCAA7 /* Base */,
			);
			name = Main.storyboard;
			sourceTree = "<group>";
		};
		65061E14239E4D71005CCAA7 /* LaunchScreen.storyboard */ = {
			isa = PBXVariantGroup;
			children = (
				65061E15239E4D71005CCAA7 /* Base */,
			);
			name = LaunchScreen.storyboard;
			sourceTree = "<group>";
		};
/* End PBXVariantGroup section */

/* Begin XCBuildConfiguration section */
		65061E2E239E4D71005CCAA7 /* Debug */ = {
			isa = XCBuildConfiguration;
			buildSettings = {
				ALWAYS_SEARCH_USER_PATHS = NO;
				CLANG_ANALYZER_NONNULL = YES;
				CLANG_ANALYZER_NUMBER_OBJECT_CONVERSION = YES_AGGRESSIVE;
				CLANG_CXX_LANGUAGE_STANDARD = "gnu++14";
				CLANG_CXX_LIBRARY = "libc++";
				CLANG_ENABLE_MODULES = YES;
				CLANG_ENABLE_OBJC_ARC = YES;
				CLANG_ENABLE_OBJC_WEAK = YES;
				CLANG_WARN_BLOCK_CAPTURE_AUTORELEASING = YES;
				CLANG_WARN_BOOL_CONVERSION = YES;
				CLANG_WARN_COMMA = YES;
				CLANG_WARN_CONSTANT_CONVERSION = YES;
				CLANG_WARN_DEPRECATED_OBJC_IMPLEMENTATIONS = YES;
				CLANG_WARN_DIRECT_OBJC_ISA_USAGE = YES_ERROR;
				CLANG_WARN_DOCUMENTATION_COMMENTS = YES;
				CLANG_WARN_EMPTY_BODY = YES;
				CLANG_WARN_ENUM_CONVERSION = YES;
				CLANG_WARN_INFINITE_RECURSION = YES;
				CLANG_WARN_INT_CONVERSION = YES;
				CLANG_WARN_NON_LITERAL_NULL_CONVERSION = YES;
				CLANG_WARN_OBJC_IMPLICIT_RETAIN_SELF = YES;
				CLANG_WARN_OBJC_LITERAL_CONVERSION = YES;
				CLANG_WARN_OBJC_ROOT_CLASS = YES_ERROR;
				CLANG_WARN_RANGE_LOOP_ANALYSIS = YES;
				CLANG_WARN_STRICT_PROTOTYPES = YES;
				CLANG_WARN_SUSPICIOUS_MOVE = YES;
				CLANG_WARN_UNGUARDED_AVAILABILITY = YES_AGGRESSIVE;
				CLANG_WARN_UNREACHABLE_CODE = YES;
				CLANG_WARN__DUPLICATE_METHOD_MATCH = YES;
				COPY_PHASE_STRIP = NO;
				DEBUG_INFORMATION_FORMAT = dwarf;
				ENABLE_STRICT_OBJC_MSGSEND = YES;
				ENABLE_TESTABILITY = YES;
				GCC_C_LANGUAGE_STANDARD = gnu11;
				GCC_DYNAMIC_NO_PIC = NO;
				GCC_NO_COMMON_BLOCKS = YES;
				GCC_OPTIMIZATION_LEVEL = 0;
				GCC_PREPROCESSOR_DEFINITIONS = (
					"DEBUG=1",
					"$(inherited)",
				);
				GCC_WARN_64_TO_32_BIT_CONVERSION = YES;
				GCC_WARN_ABOUT_RETURN_TYPE = YES_ERROR;
				GCC_WARN_UNDECLARED_SELECTOR = YES;
				GCC_WARN_UNINITIALIZED_AUTOS = YES_AGGRESSIVE;
				GCC_WARN_UNUSED_FUNCTION = YES;
				GCC_WARN_UNUSED_VARIABLE = YES;
				IPHONEOS_DEPLOYMENT_TARGET = 13.2;
				MTL_ENABLE_DEBUG_INFO = INCLUDE_SOURCE;
				MTL_FAST_MATH = YES;
				ONLY_ACTIVE_ARCH = YES;
				SDKROOT = iphoneos;
				SWIFT_ACTIVE_COMPILATION_CONDITIONS = DEBUG;
				SWIFT_OPTIMIZATION_LEVEL = "-Onone";
			};
			name = Debug;
		};
		65061E2F239E4D71005CCAA7 /* Release */ = {
			isa = XCBuildConfiguration;
			buildSettings = {
				ALWAYS_SEARCH_USER_PATHS = NO;
				CLANG_ANALYZER_NONNULL = YES;
				CLANG_ANALYZER_NUMBER_OBJECT_CONVERSION = YES_AGGRESSIVE;
				CLANG_CXX_LANGUAGE_STANDARD = "gnu++14";
				CLANG_CXX_LIBRARY = "libc++";
				CLANG_ENABLE_MODULES = YES;
				CLANG_ENABLE_OBJC_ARC = YES;
				CLANG_ENABLE_OBJC_WEAK = YES;
				CLANG_WARN_BLOCK_CAPTURE_AUTORELEASING = YES;
				CLANG_WARN_BOOL_CONVERSION = YES;
				CLANG_WARN_COMMA = YES;
				CLANG_WARN_CONSTANT_CONVERSION = YES;
				CLANG_WARN_DEPRECATED_OBJC_IMPLEMENTATIONS = YES;
				CLANG_WARN_DIRECT_OBJC_ISA_USAGE = YES_ERROR;
				CLANG_WARN_DOCUMENTATION_COMMENTS = YES;
				CLANG_WARN_EMPTY_BODY = YES;
				CLANG_WARN_ENUM_CONVERSION = YES;
				CLANG_WARN_INFINITE_RECURSION = YES;
				CLANG_WARN_INT_CONVERSION = YES;
				CLANG_WARN_NON_LITERAL_NULL_CONVERSION = YES;
				CLANG_WARN_OBJC_IMPLICIT_RETAIN_SELF = YES;
				CLANG_WARN_OBJC_LITERAL_CONVERSION = YES;
				CLANG_WARN_OBJC_ROOT_CLASS = YES_ERROR;
				CLANG_WARN_RANGE_LOOP_ANALYSIS = YES;
				CLANG_WARN_STRICT_PROTOTYPES = YES;
				CLANG_WARN_SUSPICIOUS_MOVE = YES;
				CLANG_WARN_UNGUARDED_AVAILABILITY = YES_AGGRESSIVE;
				CLANG_WARN_UNREACHABLE_CODE = YES;
				CLANG_WARN__DUPLICATE_METHOD_MATCH = YES;
				COPY_PHASE_STRIP = NO;
				DEBUG_INFORMATION_FORMAT = "dwarf-with-dsym";
				ENABLE_NS_ASSERTIONS = NO;
				ENABLE_STRICT_OBJC_MSGSEND = YES;
				GCC_C_LANGUAGE_STANDARD = gnu11;
				GCC_NO_COMMON_BLOCKS = YES;
				GCC_WARN_64_TO_32_BIT_CONVERSION = YES;
				GCC_WARN_ABOUT_RETURN_TYPE = YES_ERROR;
				GCC_WARN_UNDECLARED_SELECTOR = YES;
				GCC_WARN_UNINITIALIZED_AUTOS = YES_AGGRESSIVE;
				GCC_WARN_UNUSED_FUNCTION = YES;
				GCC_WARN_UNUSED_VARIABLE = YES;
				IPHONEOS_DEPLOYMENT_TARGET = 13.2;
				MTL_ENABLE_DEBUG_INFO = NO;
				MTL_FAST_MATH = YES;
				SDKROOT = iphoneos;
				SWIFT_COMPILATION_MODE = wholemodule;
				SWIFT_OPTIMIZATION_LEVEL = "-O";
				VALIDATE_PRODUCT = YES;
			};
			name = Release;
		};
		65061E31239E4D71005CCAA7 /* Debug */ = {
			isa = XCBuildConfiguration;
			baseConfigurationReference = 01C021F2785CD0A05094E3BE /* Pods-SleepTracker-Swift.debug.xcconfig */;
			buildSettings = {
				ASSETCATALOG_COMPILER_APPICON_NAME = AppIcon;
				CODE_SIGN_STYLE = Automatic;
				INFOPLIST_FILE = "SleepTracker-Swift/Info.plist";
				LD_RUNPATH_SEARCH_PATHS = (
					"$(inherited)",
					"@executable_path/Frameworks",
				);
				PRODUCT_BUNDLE_IDENTIFIER = "SU.SleepTracker-Swift";
				PRODUCT_NAME = "$(TARGET_NAME)";
				SWIFT_VERSION = 5.0;
				TARGETED_DEVICE_FAMILY = 1;
			};
			name = Debug;
		};
		65061E32239E4D71005CCAA7 /* Release */ = {
			isa = XCBuildConfiguration;
			baseConfigurationReference = 3C8DEDAF6AFB4A10E71DDCE8 /* Pods-SleepTracker-Swift.release.xcconfig */;
			buildSettings = {
				ASSETCATALOG_COMPILER_APPICON_NAME = AppIcon;
				CODE_SIGN_STYLE = Automatic;
				INFOPLIST_FILE = "SleepTracker-Swift/Info.plist";
				LD_RUNPATH_SEARCH_PATHS = (
					"$(inherited)",
					"@executable_path/Frameworks",
				);
				PRODUCT_BUNDLE_IDENTIFIER = "SU.SleepTracker-Swift";
				PRODUCT_NAME = "$(TARGET_NAME)";
				SWIFT_VERSION = 5.0;
				TARGETED_DEVICE_FAMILY = 1;
			};
			name = Release;
		};
		65061E34239E4D71005CCAA7 /* Debug */ = {
			isa = XCBuildConfiguration;
			baseConfigurationReference = F833DFB2A612D28BCF0A6EB7 /* Pods-SleepTracker-SwiftTests.debug.xcconfig */;
			buildSettings = {
				ALWAYS_EMBED_SWIFT_STANDARD_LIBRARIES = YES;
				BUNDLE_LOADER = "$(TEST_HOST)";
				CODE_SIGN_STYLE = Automatic;
				INFOPLIST_FILE = "SleepTracker-SwiftTests/Info.plist";
				IPHONEOS_DEPLOYMENT_TARGET = 13.2;
				LD_RUNPATH_SEARCH_PATHS = (
					"$(inherited)",
					"@executable_path/Frameworks",
					"@loader_path/Frameworks",
				);
				PRODUCT_BUNDLE_IDENTIFIER = "SU.SleepTracker-SwiftTests";
				PRODUCT_NAME = "$(TARGET_NAME)";
				SWIFT_VERSION = 5.0;
				TARGETED_DEVICE_FAMILY = "1,2";
				TEST_HOST = "$(BUILT_PRODUCTS_DIR)/SleepTracker-Swift.app/SleepTracker-Swift";
			};
			name = Debug;
		};
		65061E35239E4D71005CCAA7 /* Release */ = {
			isa = XCBuildConfiguration;
			baseConfigurationReference = 78057B6773155D02E17C6A6C /* Pods-SleepTracker-SwiftTests.release.xcconfig */;
			buildSettings = {
				ALWAYS_EMBED_SWIFT_STANDARD_LIBRARIES = YES;
				BUNDLE_LOADER = "$(TEST_HOST)";
				CODE_SIGN_STYLE = Automatic;
				INFOPLIST_FILE = "SleepTracker-SwiftTests/Info.plist";
				IPHONEOS_DEPLOYMENT_TARGET = 13.2;
				LD_RUNPATH_SEARCH_PATHS = (
					"$(inherited)",
					"@executable_path/Frameworks",
					"@loader_path/Frameworks",
				);
				PRODUCT_BUNDLE_IDENTIFIER = "SU.SleepTracker-SwiftTests";
				PRODUCT_NAME = "$(TARGET_NAME)";
				SWIFT_VERSION = 5.0;
				TARGETED_DEVICE_FAMILY = "1,2";
				TEST_HOST = "$(BUILT_PRODUCTS_DIR)/SleepTracker-Swift.app/SleepTracker-Swift";
			};
			name = Release;
		};
		65061E37239E4D71005CCAA7 /* Debug */ = {
			isa = XCBuildConfiguration;
			baseConfigurationReference = 6596C11F0CCAE3939B8555CF /* Pods-SleepTracker-Swift-SleepTracker-SwiftUITests.debug.xcconfig */;
			buildSettings = {
				ALWAYS_EMBED_SWIFT_STANDARD_LIBRARIES = "$(inherited)";
				CODE_SIGN_STYLE = Automatic;
				INFOPLIST_FILE = "SleepTracker-SwiftUITests/Info.plist";
				LD_RUNPATH_SEARCH_PATHS = (
					"$(inherited)",
					"@executable_path/Frameworks",
					"@loader_path/Frameworks",
				);
				PRODUCT_BUNDLE_IDENTIFIER = "SU.SleepTracker-SwiftUITests";
				PRODUCT_NAME = "$(TARGET_NAME)";
				SWIFT_VERSION = 5.0;
				TARGETED_DEVICE_FAMILY = "1,2";
				TEST_TARGET_NAME = "SleepTracker-Swift";
			};
			name = Debug;
		};
		65061E38239E4D71005CCAA7 /* Release */ = {
			isa = XCBuildConfiguration;
			baseConfigurationReference = 196694CDE55A60FDE309AEFB /* Pods-SleepTracker-Swift-SleepTracker-SwiftUITests.release.xcconfig */;
			buildSettings = {
				ALWAYS_EMBED_SWIFT_STANDARD_LIBRARIES = "$(inherited)";
				CODE_SIGN_STYLE = Automatic;
				INFOPLIST_FILE = "SleepTracker-SwiftUITests/Info.plist";
				LD_RUNPATH_SEARCH_PATHS = (
					"$(inherited)",
					"@executable_path/Frameworks",
					"@loader_path/Frameworks",
				);
				PRODUCT_BUNDLE_IDENTIFIER = "SU.SleepTracker-SwiftUITests";
				PRODUCT_NAME = "$(TARGET_NAME)";
				SWIFT_VERSION = 5.0;
				TARGETED_DEVICE_FAMILY = "1,2";
				TEST_TARGET_NAME = "SleepTracker-Swift";
			};
			name = Release;
		};
/* End XCBuildConfiguration section */

/* Begin XCConfigurationList section */
		65061DFC239E4D6F005CCAA7 /* Build configuration list for PBXProject "SleepTracker-Swift" */ = {
			isa = XCConfigurationList;
			buildConfigurations = (
				65061E2E239E4D71005CCAA7 /* Debug */,
				65061E2F239E4D71005CCAA7 /* Release */,
			);
			defaultConfigurationIsVisible = 0;
			defaultConfigurationName = Release;
		};
		65061E30239E4D71005CCAA7 /* Build configuration list for PBXNativeTarget "SleepTracker-Swift" */ = {
			isa = XCConfigurationList;
			buildConfigurations = (
				65061E31239E4D71005CCAA7 /* Debug */,
				65061E32239E4D71005CCAA7 /* Release */,
			);
			defaultConfigurationIsVisible = 0;
			defaultConfigurationName = Release;
		};
		65061E33239E4D71005CCAA7 /* Build configuration list for PBXNativeTarget "SleepTracker-SwiftTests" */ = {
			isa = XCConfigurationList;
			buildConfigurations = (
				65061E34239E4D71005CCAA7 /* Debug */,
				65061E35239E4D71005CCAA7 /* Release */,
			);
			defaultConfigurationIsVisible = 0;
			defaultConfigurationName = Release;
		};
		65061E36239E4D71005CCAA7 /* Build configuration list for PBXNativeTarget "SleepTracker-SwiftUITests" */ = {
			isa = XCConfigurationList;
			buildConfigurations = (
				65061E37239E4D71005CCAA7 /* Debug */,
				65061E38239E4D71005CCAA7 /* Release */,
			);
			defaultConfigurationIsVisible = 0;
			defaultConfigurationName = Release;
		};
/* End XCConfigurationList section */

/* Begin XCVersionGroup section */
		65061E0F239E4D6F005CCAA7 /* SleepTracker_Swift.xcdatamodeld */ = {
			isa = XCVersionGroup;
			children = (
				65061E10239E4D6F005CCAA7 /* SleepTracker_Swift.xcdatamodel */,
			);
			currentVersion = 65061E10239E4D6F005CCAA7 /* SleepTracker_Swift.xcdatamodel */;
			path = SleepTracker_Swift.xcdatamodeld;
			sourceTree = "<group>";
			versionGroupType = wrapper.xcdatamodel;
		};
/* End XCVersionGroup section */
	};
	rootObject = 65061DF9239E4D6F005CCAA7 /* Project object */;
}
